
Microsoft Visual Studio Solution File, Format Version 12.00
# Visual Studio Version 17
VisualStudioVersion = 17.3.32922.545
MinimumVisualStudioVersion = 10.0.40219.1
Project("{8BC9CEB8-8B4A-11D0-8D11-00A0C91BC942}") = "PB DATA PROCESSING", "PB DATA PROCESSING\PB DATA PROCESSING.vcxproj", "{B734B983-5293-42A1-9A58-5FD9A60D41B5}"
EndProject
Global
	GlobalSection(SolutionConfigurationPlatforms) = preSolution
		Debug|x64 = Debug|x64
		Debug|x86 = Debug|x86
		Release|x64 = Release|x64
		Release|x86 = Release|x86
	EndGlobalSection
	GlobalSection(ProjectConfigurationPlatforms) = postSolution
		{B734B983-5293-42A1-9A58-5FD9A60D41B5}.Debug|x64.ActiveCfg = Debug|x64
		{B734B983-5293-42A1-9A58-5FD9A60D41B5}.Debug|x64.Build.0 = Debug|x64
		{B734B983-5293-42A1-9A58-5FD9A60D41B5}.Debug|x86.ActiveCfg = Debug|Win32
		{B734B983-5293-42A1-9A58-5FD9A60D41B5}.Debug|x86.Build.0 = Debug|Win32
		{B734B983-5293-42A1-9A58-5FD9A60D41B5}.Release|x64.ActiveCfg = Release|x64
		{B734B983-5293-42A1-9A58-5FD9A60D41B5}.Release|x64.Build.0 = Release|x64
		{B734B983-5293-42A1-9A58-5FD9A60D41B5}.Release|x86.ActiveCfg = Release|Win32
		{B734B983-5293-42A1-9A58-5FD9A60D41B5}.Release|x86.Build.0 = Release|Win32
	EndGlobalSection
	GlobalSection(SolutionProperties) = preSolution
		HideSolutionNode = FALSE
	EndGlobalSection
	GlobalSection(ExtensibilityGlobals) = postSolution
		SolutionGuid = {481DEF03-A255-4FA3-993F-1E7766CA6B0E}
	EndGlobalSection
EndGlobal
